
Microsoft Visual Studio Solution File, Format Version 12.00
# Visual Studio 15
VisualStudioVersion = 15.0.27428.2015
MinimumVisualStudioVersion = 10.0.40219.1
Project("{FAE04EC0-301F-11D3-BF4B-00C04F79EFBC}") = "Compiled Library Demo", "Compiled Library Demo.csproj", "{63825E10-0BA7-48C9-9F03-60C6E098B036}"
EndProject
Global
	GlobalSection(SolutionConfigurationPlatforms) = preSolution
		Debug|Any CPU = Debug|Any CPU
		Release|Any CPU = Release|Any CPU
	EndGlobalSection
	GlobalSection(ProjectConfigurationPlatforms) = postSolution
		{63825E10-0BA7-48C9-9F03-60C6E098B036}.Debug|Any CPU.ActiveCfg = Debug|Any CPU
		{63825E10-0BA7-48C9-9F03-60C6E098B036}.Debug|Any CPU.Build.0 = Debug|Any CPU
		{63825E10-0BA7-48C9-9F03-60C6E098B036}.Release|Any CPU.ActiveCfg = Release|Any CPU
		{63825E10-0BA7-48C9-9F03-60C6E098B036}.Release|Any CPU.Build.0 = Release|Any CPU
	EndGlobalSection
	GlobalSection(SolutionProperties) = preSolution
		HideSolutionNode = FALSE
	EndGlobalSection
	GlobalSection(ExtensibilityGlobals) = postSolution
		SolutionGuid = {A426DFC2-A068-4E9D-A8D9-7E8352DAF645}
	EndGlobalSection
EndGlobal
